# This file is generated by running "yarn install" inside your project.
# Manual changes might be lost - proceed with caution!

__metadata:
  version: 6
  cacheKey: 8

"@iarna/toml@npm:^2.2.5":
  version: 2.2.5
  resolution: "@iarna/toml@npm:2.2.5"
  checksum: b63b2b2c4fd67969a6291543ada0303d45593801ee744b60f5390f183c03d9192bc67a217abb24be945158f1935f02840d9ffff40c0142aa171b5d3b6b6a3ea5
  languageName: node
  linkType: hard

"metaplex-program-library@workspace:.":
  version: 0.0.0-use.local
  resolution: "metaplex-program-library@workspace:."
  dependencies:
    "@iarna/toml": ^2.2.5
  languageName: unknown
  linkType: soft
